
Microsoft Visual Studio Solution File, Format Version 12.00
# Visual Studio Version 16
VisualStudioVersion = 16.0.30717.126
MinimumVisualStudioVersion = 10.0.40219.1
Project("{FAE04EC0-301F-11D3-BF4B-00C04F79EFBC}") = "WebApi1", "WebApi1\WebApi1.csproj", "{AFA7FF1F-0ED8-4EF7-80DE-C861E1A09747}"
EndProject
Project("{FAE04EC0-301F-11D3-BF4B-00C04F79EFBC}") = "DataAccess.EFCore", "DataAccess.EFCore\DataAccess.EFCore.csproj", "{A174E1CB-AB56-4E0C-A301-0C97B0C43A78}"
EndProject
Project("{FAE04EC0-301F-11D3-BF4B-00C04F79EFBC}") = "Domain", "Domain\Domain.csproj", "{7A5B8E38-121A-43DB-9000-1DF4E68478F4}"
EndProject
Global
	GlobalSection(SolutionConfigurationPlatforms) = preSolution
		Debug|Any CPU = Debug|Any CPU
		Release|Any CPU = Release|Any CPU
	EndGlobalSection
	GlobalSection(ProjectConfigurationPlatforms) = postSolution
		{AFA7FF1F-0ED8-4EF7-80DE-C861E1A09747}.Debug|Any CPU.ActiveCfg = Debug|Any CPU
		{AFA7FF1F-0ED8-4EF7-80DE-C861E1A09747}.Debug|Any CPU.Build.0 = Debug|Any CPU
		{AFA7FF1F-0ED8-4EF7-80DE-C861E1A09747}.Release|Any CPU.ActiveCfg = Release|Any CPU
		{AFA7FF1F-0ED8-4EF7-80DE-C861E1A09747}.Release|Any CPU.Build.0 = Release|Any CPU
		{A174E1CB-AB56-4E0C-A301-0C97B0C43A78}.Debug|Any CPU.ActiveCfg = Debug|Any CPU
		{A174E1CB-AB56-4E0C-A301-0C97B0C43A78}.Debug|Any CPU.Build.0 = Debug|Any CPU
		{A174E1CB-AB56-4E0C-A301-0C97B0C43A78}.Release|Any CPU.ActiveCfg = Release|Any CPU
		{A174E1CB-AB56-4E0C-A301-0C97B0C43A78}.Release|Any CPU.Build.0 = Release|Any CPU
		{7A5B8E38-121A-43DB-9000-1DF4E68478F4}.Debug|Any CPU.ActiveCfg = Debug|Any CPU
		{7A5B8E38-121A-43DB-9000-1DF4E68478F4}.Debug|Any CPU.Build.0 = Debug|Any CPU
		{7A5B8E38-121A-43DB-9000-1DF4E68478F4}.Release|Any CPU.ActiveCfg = Release|Any CPU
		{7A5B8E38-121A-43DB-9000-1DF4E68478F4}.Release|Any CPU.Build.0 = Release|Any CPU
	EndGlobalSection
	GlobalSection(SolutionProperties) = preSolution
		HideSolutionNode = FALSE
	EndGlobalSection
	GlobalSection(ExtensibilityGlobals) = postSolution
		SolutionGuid = {BCCC1342-37EB-49FB-9C18-1FFE69015613}
	EndGlobalSection
EndGlobal
